
Microsoft Visual Studio Solution File, Format Version 12.00
# Visual Studio Version 16
VisualStudioVersion = 16.0.30523.141
MinimumVisualStudioVersion = 10.0.40219.1
Project("{FAE04EC0-301F-11D3-BF4B-00C04F79EFBC}") = "Insert Element Into Array", "Insert Element Into Array\Insert Element Into Array.csproj", "{13CAAA0E-C847-4D46-910C-2B82C5AB9CE3}"
EndProject
Global
	GlobalSection(SolutionConfigurationPlatforms) = preSolution
		Debug|Any CPU = Debug|Any CPU
		Release|Any CPU = Release|Any CPU
	EndGlobalSection
	GlobalSection(ProjectConfigurationPlatforms) = postSolution
		{13CAAA0E-C847-4D46-910C-2B82C5AB9CE3}.Debug|Any CPU.ActiveCfg = Debug|Any CPU
		{13CAAA0E-C847-4D46-910C-2B82C5AB9CE3}.Debug|Any CPU.Build.0 = Debug|Any CPU
		{13CAAA0E-C847-4D46-910C-2B82C5AB9CE3}.Release|Any CPU.ActiveCfg = Release|Any CPU
		{13CAAA0E-C847-4D46-910C-2B82C5AB9CE3}.Release|Any CPU.Build.0 = Release|Any CPU
	EndGlobalSection
	GlobalSection(SolutionProperties) = preSolution
		HideSolutionNode = FALSE
	EndGlobalSection
	GlobalSection(ExtensibilityGlobals) = postSolution
		SolutionGuid = {7471E85B-6C6A-4717-B36F-FC6345251ABD}
	EndGlobalSection
EndGlobal
